
Microsoft Visual Studio Solution File, Format Version 12.00
# Visual Studio 2013
VisualStudioVersion = 12.0.31101.0
MinimumVisualStudioVersion = 10.0.40219.1
Project("{FAE04EC0-301F-11D3-BF4B-00C04F79EFBC}") = "FoodService", "FoodService\FoodService.csproj", "{4CD89A0D-4875-4F60-AC96-F3E2D36D8888}"
EndProject
Project("{FAE04EC0-301F-11D3-BF4B-00C04F79EFBC}") = "FoodService.Tests", "FoodService.Tests\FoodService.Tests.csproj", "{DD9AC6E7-944D-40E9-87DD-CD53D0C5ADE0}"
EndProject
Global
	GlobalSection(SolutionConfigurationPlatforms) = preSolution
		Debug|Any CPU = Debug|Any CPU
		Release|Any CPU = Release|Any CPU
	EndGlobalSection
	GlobalSection(ProjectConfigurationPlatforms) = postSolution
		{4CD89A0D-4875-4F60-AC96-F3E2D36D8888}.Debug|Any CPU.ActiveCfg = Debug|Any CPU
		{4CD89A0D-4875-4F60-AC96-F3E2D36D8888}.Debug|Any CPU.Build.0 = Debug|Any CPU
		{4CD89A0D-4875-4F60-AC96-F3E2D36D8888}.Release|Any CPU.ActiveCfg = Release|Any CPU
		{4CD89A0D-4875-4F60-AC96-F3E2D36D8888}.Release|Any CPU.Build.0 = Release|Any CPU
		{DD9AC6E7-944D-40E9-87DD-CD53D0C5ADE0}.Debug|Any CPU.ActiveCfg = Debug|Any CPU
		{DD9AC6E7-944D-40E9-87DD-CD53D0C5ADE0}.Debug|Any CPU.Build.0 = Debug|Any CPU
		{DD9AC6E7-944D-40E9-87DD-CD53D0C5ADE0}.Release|Any CPU.ActiveCfg = Release|Any CPU
		{DD9AC6E7-944D-40E9-87DD-CD53D0C5ADE0}.Release|Any CPU.Build.0 = Release|Any CPU
	EndGlobalSection
	GlobalSection(SolutionProperties) = preSolution
		HideSolutionNode = FALSE
	EndGlobalSection
EndGlobal
